// !$*UTF8*$!
{
	archiveVersion = 1;
	classes = {
	};
	objectVersion = 50;
	objects = {

/* Begin PBXBuildFile section */
		4F4C2FF622924F0C000D1273 /* AppDelegate.swift in Sources */ = {isa = PBXBuildFile; fileRef = 4F4C2FF522924F0C000D1273 /* AppDelegate.swift */; };
		4F4C2FF822924F0C000D1273 /* ViewController.swift in Sources */ = {isa = PBXBuildFile; fileRef = 4F4C2FF722924F0C000D1273 /* ViewController.swift */; };
		4F4C2FFB22924F0C000D1273 /* Main.storyboard in Resources */ = {isa = PBXBuildFile; fileRef = 4F4C2FF922924F0C000D1273 /* Main.storyboard */; };
		4F4C2FFD22924F0F000D1273 /* Assets.xcassets in Resources */ = {isa = PBXBuildFile; fileRef = 4F4C2FFC22924F0F000D1273 /* Assets.xcassets */; };
		4F4C300022924F0F000D1273 /* LaunchScreen.storyboard in Resources */ = {isa = PBXBuildFile; fileRef = 4F4C2FFE22924F0F000D1273 /* LaunchScreen.storyboard */; };
		8AD95D29229EBB4600BD6400 /* TreeMap.swift in Sources */ = {isa = PBXBuildFile; fileRef = 8AD95D28229EBB4600BD6400 /* TreeMap.swift */; };
		8AD95D2B229EBB9500BD6400 /* Container.swift in Sources */ = {isa = PBXBuildFile; fileRef = 8AD95D2A229EBB9500BD6400 /* Container.swift */; };
		8AD95D2F229EBCD300BD6400 /* CryptoTreeMapViewController.swift in Sources */ = {isa = PBXBuildFile; fileRef = 8AD95D2E229EBCD300BD6400 /* CryptoTreeMapViewController.swift */; };
/* End PBXBuildFile section */

/* Begin PBXFileReference section */
		4F4C2FF222924F0C000D1273 /* Ios-Assignment3-131.app */ = {isa = PBXFileReference; explicitFileType = wrapper.application; includeInIndex = 0; path = "Ios-Assignment3-131.app"; sourceTree = BUILT_PRODUCTS_DIR; };
		4F4C2FF522924F0C000D1273 /* AppDelegate.swift */ = {isa = PBXFileReference; lastKnownFileType = sourcecode.swift; path = AppDelegate.swift; sourceTree = "<group>"; };
		4F4C2FF722924F0C000D1273 /* ViewController.swift */ = {isa = PBXFileReference; lastKnownFileType = sourcecode.swift; path = ViewController.swift; sourceTree = "<group>"; };
		4F4C2FFA22924F0C000D1273 /* Base */ = {isa = PBXFileReference; lastKnownFileType = file.storyboard; name = Base; path = Base.lproj/Main.storyboard; sourceTree = "<group>"; };
		4F4C2FFC22924F0F000D1273 /* Assets.xcassets */ = {isa = PBXFileReference; lastKnownFileType = folder.assetcatalog; path = Assets.xcassets; sourceTree = "<group>"; };
		4F4C2FFF22924F0F000D1273 /* Base */ = {isa = PBXFileReference; lastKnownFileType = file.storyboard; name = Base; path = Base.lproj/LaunchScreen.storyboard; sourceTree = "<group>"; };
		4F4C300122924F0F000D1273 /* Info.plist */ = {isa = PBXFileReference; lastKnownFileType = text.plist.xml; path = Info.plist; sourceTree = "<group>"; };
		8AD95D28229EBB4600BD6400 /* TreeMap.swift */ = {isa = PBXFileReference; fileEncoding = 4; lastKnownFileType = sourcecode.swift; path = TreeMap.swift; sourceTree = "<group>"; };
		8AD95D2A229EBB9500BD6400 /* Container.swift */ = {isa = PBXFileReference; fileEncoding = 4; lastKnownFileType = sourcecode.swift; path = Container.swift; sourceTree = "<group>"; };
		8AD95D2E229EBCD300BD6400 /* CryptoTreeMapViewController.swift */ = {isa = PBXFileReference; lastKnownFileType = sourcecode.swift; path = CryptoTreeMapViewController.swift; sourceTree = "<group>"; };
/* End PBXFileReference section */

/* Begin PBXFrameworksBuildPhase section */
		4F4C2FEF22924F0C000D1273 /* Frameworks */ = {
			isa = PBXFrameworksBuildPhase;
			buildActionMask = 2147483647;
			files = (
			);
			runOnlyForDeploymentPostprocessing = 0;
		};
/* End PBXFrameworksBuildPhase section */

/* Begin PBXGroup section */
		4F4C2FE922924F0C000D1273 = {
			isa = PBXGroup;
			children = (
				4F4C2FF422924F0C000D1273 /* Ios-Assignment3-131 */,
				4F4C2FF322924F0C000D1273 /* Products */,
			);
			sourceTree = "<group>";
		};
		4F4C2FF322924F0C000D1273 /* Products */ = {
			isa = PBXGroup;
			children = (
				4F4C2FF222924F0C000D1273 /* Ios-Assignment3-131.app */,
			);
			name = Products;
			sourceTree = "<group>";
		};
		4F4C2FF422924F0C000D1273 /* Ios-Assignment3-131 */ = {
			isa = PBXGroup;
			children = (
				4F4C2FF522924F0C000D1273 /* AppDelegate.swift */,
				4F4C2FF722924F0C000D1273 /* ViewController.swift */,
				4F4C2FF922924F0C000D1273 /* Main.storyboard */,
				8AD95D28229EBB4600BD6400 /* TreeMap.swift */,
				8AD95D2A229EBB9500BD6400 /* Container.swift */,
				4F4C2FFC22924F0F000D1273 /* Assets.xcassets */,
				4F4C2FFE22924F0F000D1273 /* LaunchScreen.storyboard */,
				4F4C300122924F0F000D1273 /* Info.plist */,
				8AD95D2E229EBCD300BD6400 /* CryptoTreeMapViewController.swift */,
			);
			path = "Ios-Assignment3-131";
			sourceTree = "<group>";
		};
/* End PBXGroup section */

/* Begin PBXNativeTarget section */
		4F4C2FF122924F0C000D1273 /* Ios-Assignment3-131 */ = {
			isa = PBXNativeTarget;
			buildConfigurationList = 4F4C300422924F0F000D1273 /* Build configuration list for PBXNativeTarget "Ios-Assignment3-131" */;
			buildPhases = (
				4F4C2FEE22924F0C000D1273 /* Sources */,
				4F4C2FEF22924F0C000D1273 /* Frameworks */,
				4F4C2FF022924F0C000D1273 /* Resources */,
			);
			buildRules = (
			);
			dependencies = (
			);
			name = "Ios-Assignment3-131";
			productName = "Ios-Assignment3-131";
			productReference = 4F4C2FF222924F0C000D1273 /* Ios-Assignment3-131.app */;
			productType = "com.apple.product-type.application";
		};
/* End PBXNativeTarget section */

/* Begin PBXProject section */
		4F4C2FEA22924F0C000D1273 /* Project object */ = {
			isa = PBXProject;
			attributes = {
				LastSwiftUpdateCheck = 1010;
				LastUpgradeCheck = 1010;
				TargetAttributes = {
					4F4C2FF122924F0C000D1273 = {
						CreatedOnToolsVersion = 10.1;
					};
				};
			};
			buildConfigurationList = 4F4C2FED22924F0C000D1273 /* Build configuration list for PBXProject "Ios-Assignment3-131" */;
			compatibilityVersion = "Xcode 9.3";
			developmentRegion = en;
			hasScannedForEncodings = 0;
			knownRegions = (
				en,
				Base,
			);
			mainGroup = 4F4C2FE922924F0C000D1273;
			productRefGroup = 4F4C2FF322924F0C000D1273 /* Products */;
			projectDirPath = "";
			projectRoot = "";
			targets = (
				4F4C2FF122924F0C000D1273 /* Ios-Assignment3-131 */,
			);
		};
/* End PBXProject section */

/* Begin PBXResourcesBuildPhase section */
		4F4C2FF022924F0C000D1273 /* Resources */ = {
			isa = PBXResourcesBuildPhase;
			buildActionMask = 2147483647;
			files = (
				4F4C300022924F0F000D1273 /* LaunchScreen.storyboard in Resources */,
				4F4C2FFD22924F0F000D1273 /* Assets.xcassets in Resources */,
				4F4C2FFB22924F0C000D1273 /* Main.storyboard in Resources */,
			);
			runOnlyForDeploymentPostprocessing = 0;
		};
/* End PBXResourcesBuildPhase section */

/* Begin PBXSourcesBuildPhase section */
		4F4C2FEE22924F0C000D1273 /* Sources */ = {
			isa = PBXSourcesBuildPhase;
			buildActionMask = 2147483647;
			files = (
				8AD95D29229EBB4600BD6400 /* TreeMap.swift in Sources */,
				8AD95D2B229EBB9500BD6400 /* Container.swift in Sources */,
				4F4C2FF822924F0C000D1273 /* ViewController.swift in Sources */,
				4F4C2FF622924F0C000D1273 /* AppDelegate.swift in Sources */,
				8AD95D2F229EBCD300BD6400 /* CryptoTreeMapViewController.swift in Sources */,
			);
			runOnlyForDeploymentPostprocessing = 0;
		};
/* End PBXSourcesBuildPhase section */

/* Begin PBXVariantGroup section */
		4F4C2FF922924F0C000D1273 /* Main.storyboard */ = {
			isa = PBXVariantGroup;
			children = (
				4F4C2FFA22924F0C000D1273 /* Base */,
			);
			name = Main.storyboard;
			sourceTree = "<group>";
		};
		4F4C2FFE22924F0F000D1273 /* LaunchScreen.storyboard */ = {
			isa = PBXVariantGroup;
			children = (
				4F4C2FFF22924F0F000D1273 /* Base */,
			);
			name = LaunchScreen.storyboard;
			sourceTree = "<group>";
		};
/* End PBXVariantGroup section */

/* Begin XCBuildConfiguration section */
		4F4C300222924F0F000D1273 /* Debug */ = {
			isa = XCBuildConfiguration;
			buildSettings = {
				ALWAYS_SEARCH_USER_PATHS = NO;
				CLANG_ANALYZER_NONNULL = YES;
				CLANG_ANALYZER_NUMBER_OBJECT_CONVERSION = YES_AGGRESSIVE;
				CLANG_CXX_LANGUAGE_STANDARD = "gnu++14";
				CLANG_CXX_LIBRARY = "libc++";
				CLANG_ENABLE_MODULES = YES;
				CLANG_ENABLE_OBJC_ARC = YES;
				CLANG_ENABLE_OBJC_WEAK = YES;
				CLANG_WARN_BLOCK_CAPTURE_AUTORELEASING = YES;
				CLANG_WARN_BOOL_CONVERSION = YES;
				CLANG_WARN_COMMA = YES;
				CLANG_WARN_CONSTANT_CONVERSION = YES;
				CLANG_WARN_DEPRECATED_OBJC_IMPLEMENTATIONS = YES;
				CLANG_WARN_DIRECT_OBJC_ISA_USAGE = YES_ERROR;
				CLANG_WARN_DOCUMENTATION_COMMENTS = YES;
				CLANG_WARN_EMPTY_BODY = YES;
				CLANG_WARN_ENUM_CONVERSION = YES;
				CLANG_WARN_INFINITE_RECURSION = YES;
				CLANG_WARN_INT_CONVERSION = YES;
				CLANG_WARN_NON_LITERAL_NULL_CONVERSION = YES;
				CLANG_WARN_OBJC_IMPLICIT_RETAIN_SELF = YES;
				CLANG_WARN_OBJC_LITERAL_CONVERSION = YES;
				CLANG_WARN_OBJC_ROOT_CLASS = YES_ERROR;
				CLANG_WARN_RANGE_LOOP_ANALYSIS = YES;
				CLANG_WARN_STRICT_PROTOTYPES = YES;
				CLANG_WARN_SUSPICIOUS_MOVE = YES;
				CLANG_WARN_UNGUARDED_AVAILABILITY = YES_AGGRESSIVE;
				CLANG_WARN_UNREACHABLE_CODE = YES;
				CLANG_WARN__DUPLICATE_METHOD_MATCH = YES;
				CODE_SIGN_IDENTITY = "iPhone Developer";
				COPY_PHASE_STRIP = NO;
				DEBUG_INFORMATION_FORMAT = dwarf;
				ENABLE_STRICT_OBJC_MSGSEND = YES;
				ENABLE_TESTABILITY = YES;
				GCC_C_LANGUAGE_STANDARD = gnu11;
				GCC_DYNAMIC_NO_PIC = NO;
				GCC_NO_COMMON_BLOCKS = YES;
				GCC_OPTIMIZATION_LEVEL = 0;
				GCC_PREPROCESSOR_DEFINITIONS = (
					"DEBUG=1",
					"$(inherited)",
				);
				GCC_WARN_64_TO_32_BIT_CONVERSION = YES;
				GCC_WARN_ABOUT_RETURN_TYPE = YES_ERROR;
				GCC_WARN_UNDECLARED_SELECTOR = YES;
				GCC_WARN_UNINITIALIZED_AUTOS = YES_AGGRESSIVE;
				GCC_WARN_UNUSED_FUNCTION = YES;
				GCC_WARN_UNUSED_VARIABLE = YES;
				IPHONEOS_DEPLOYMENT_TARGET = 12.1;
				MTL_ENABLE_DEBUG_INFO = INCLUDE_SOURCE;
				MTL_FAST_MATH = YES;
				ONLY_ACTIVE_ARCH = YES;
				SDKROOT = iphoneos;
				SWIFT_ACTIVE_COMPILATION_CONDITIONS = DEBUG;
				SWIFT_OPTIMIZATION_LEVEL = "-Onone";
			};
			name = Debug;
		};
		4F4C300322924F0F000D1273 /* Release */ = {
			isa = XCBuildConfiguration;
			buildSettings = {
				ALWAYS_SEARCH_USER_PATHS = NO;
				CLANG_ANALYZER_NONNULL = YES;
				CLANG_ANALYZER_NUMBER_OBJECT_CONVERSION = YES_AGGRESSIVE;
				CLANG_CXX_LANGUAGE_STANDARD = "gnu++14";
				CLANG_CXX_LIBRARY = "libc++";
				CLANG_ENABLE_MODULES = YES;
				CLANG_ENABLE_OBJC_ARC = YES;
				CLANG_ENABLE_OBJC_WEAK = YES;
				CLANG_WARN_BLOCK_CAPTURE_AUTORELEASING = YES;
				CLANG_WARN_BOOL_CONVERSION = YES;
				CLANG_WARN_COMMA = YES;
				CLANG_WARN_CONSTANT_CONVERSION = YES;
				CLANG_WARN_DEPRECATED_OBJC_IMPLEMENTATIONS = YES;
				CLANG_WARN_DIRECT_OBJC_ISA_USAGE = YES_ERROR;
				CLANG_WARN_DOCUMENTATION_COMMENTS = YES;
				CLANG_WARN_EMPTY_BODY = YES;
				CLANG_WARN_ENUM_CONVERSION = YES;
				CLANG_WARN_INFINITE_RECURSION = YES;
				CLANG_WARN_INT_CONVERSION = YES;
				CLANG_WARN_NON_LITERAL_NULL_CONVERSION = YES;
				CLANG_WARN_OBJC_IMPLICIT_RETAIN_SELF = YES;
				CLANG_WARN_OBJC_LITERAL_CONVERSION = YES;
				CLANG_WARN_OBJC_ROOT_CLASS = YES_ERROR;
				CLANG_WARN_RANGE_LOOP_ANALYSIS = YES;
				CLANG_WARN_STRICT_PROTOTYPES = YES;
				CLANG_WARN_SUSPICIOUS_MOVE = YES;
				CLANG_WARN_UNGUARDED_AVAILABILITY = YES_AGGRESSIVE;
				CLANG_WARN_UNREACHABLE_CODE = YES;
				CLANG_WARN__DUPLICATE_METHOD_MATCH = YES;
				CODE_SIGN_IDENTITY = "iPhone Developer";
				COPY_PHASE_STRIP = NO;
				DEBUG_INFORMATION_FORMAT = "dwarf-with-dsym";
				ENABLE_NS_ASSERTIONS = NO;
				ENABLE_STRICT_OBJC_MSGSEND = YES;
				GCC_C_LANGUAGE_STANDARD = gnu11;
				GCC_NO_COMMON_BLOCKS = YES;
				GCC_WARN_64_TO_32_BIT_CONVERSION = YES;
				GCC_WARN_ABOUT_RETURN_TYPE = YES_ERROR;
				GCC_WARN_UNDECLARED_SELECTOR = YES;
				GCC_WARN_UNINITIALIZED_AUTOS = YES_AGGRESSIVE;
				GCC_WARN_UNUSED_FUNCTION = YES;
				GCC_WARN_UNUSED_VARIABLE = YES;
				IPHONEOS_DEPLOYMENT_TARGET = 12.1;
				MTL_ENABLE_DEBUG_INFO = NO;
				MTL_FAST_MATH = YES;
				SDKROOT = iphoneos;
				SWIFT_COMPILATION_MODE = wholemodule;
				SWIFT_OPTIMIZATION_LEVEL = "-O";
				VALIDATE_PRODUCT = YES;
			};
			name = Release;
		};
		4F4C300522924F0F000D1273 /* Debug */ = {
			isa = XCBuildConfiguration;
			buildSettings = {
				ASSETCATALOG_COMPILER_APPICON_NAME = AppIcon;
				CODE_SIGN_STYLE = Automatic;
				INFOPLIST_FILE = "Ios-Assignment3-131/Info.plist";
				LD_RUNPATH_SEARCH_PATHS = (
					"$(inherited)",
					"@executable_path/Frameworks",
				);
				PRODUCT_BUNDLE_IDENTIFIER = "-31.Ios-Assignment3-131";
				PRODUCT_NAME = "$(TARGET_NAME)";
				SWIFT_VERSION = 4.2;
				TARGETED_DEVICE_FAMILY = "1,2";
			};
			name = Debug;
		};
		4F4C300622924F0F000D1273 /* Release */ = {
			isa = XCBuildConfiguration;
			buildSettings = {
				ASSETCATALOG_COMPILER_APPICON_NAME = AppIcon;
				CODE_SIGN_STYLE = Automatic;
				INFOPLIST_FILE = "Ios-Assignment3-131/Info.plist";
				LD_RUNPATH_SEARCH_PATHS = (
					"$(inherited)",
					"@executable_path/Frameworks",
				);
				PRODUCT_BUNDLE_IDENTIFIER = "-31.Ios-Assignment3-131";
				PRODUCT_NAME = "$(TARGET_NAME)";
				SWIFT_VERSION = 4.2;
				TARGETED_DEVICE_FAMILY = "1,2";
			};
			name = Release;
		};
/* End XCBuildConfiguration section */

/* Begin XCConfigurationList section */
		4F4C2FED22924F0C000D1273 /* Build configuration list for PBXProject "Ios-Assignment3-131" */ = {
			isa = XCConfigurationList;
			buildConfigurations = (
				4F4C300222924F0F000D1273 /* Debug */,
				4F4C300322924F0F000D1273 /* Release */,
			);
			defaultConfigurationIsVisible = 0;
			defaultConfigurationName = Release;
		};
		4F4C300422924F0F000D1273 /* Build configuration list for PBXNativeTarget "Ios-Assignment3-131" */ = {
			isa = XCConfigurationList;
			buildConfigurations = (
				4F4C300522924F0F000D1273 /* Debug */,
				4F4C300622924F0F000D1273 /* Release */,
			);
			defaultConfigurationIsVisible = 0;
			defaultConfigurationName = Release;
		};
/* End XCConfigurationList section */
	};
	rootObject = 4F4C2FEA22924F0C000D1273 /* Project object */;
}
